
Microsoft Visual Studio Solution File, Format Version 12.00
# Visual Studio Version 16
VisualStudioVersion = 16.0.30011.22
MinimumVisualStudioVersion = 10.0.40219.1
Project("{2150E333-8FDC-42A3-9474-1A3956D46DE8}") = "Application", "Application", "{16C5FD25-4017-4442-9661-DBD63D4CC5D6}"
EndProject
Project("{2150E333-8FDC-42A3-9474-1A3956D46DE8}") = "Domain", "Domain", "{E579ABDF-8F9B-4D68-815F-23EEA83263D4}"
EndProject
Project("{2150E333-8FDC-42A3-9474-1A3956D46DE8}") = "Infra.IOC", "Infra.IOC", "{A4EF32ED-7E2D-4C0C-BF35-CD087EDACEFE}"
EndProject
Project("{2150E333-8FDC-42A3-9474-1A3956D46DE8}") = "Infra.Data", "Infra.Data", "{B5411FE4-6B39-4663-9FCC-D06663BD7193}"
EndProject
Project("{2150E333-8FDC-42A3-9474-1A3956D46DE8}") = "Presentation", "Presentation", "{9AD38FD1-B24C-44D5-8857-49B87E131019}"
EndProject
Project("{9A19103F-16F7-4668-BE54-9A1E7A4F7556}") = "CleanArch.Mvc", "CleanArch.Mvc\CleanArch.Mvc.csproj", "{86A3CFC7-6EDD-4D13-BA20-949521976A1A}"
EndProject
Project("{9A19103F-16F7-4668-BE54-9A1E7A4F7556}") = "CleanArch.Domain", "CleanArch.Domain\CleanArch.Domain.csproj", "{6077CD90-E9A5-4ED1-AF30-719A685DE248}"
EndProject
Project("{9A19103F-16F7-4668-BE54-9A1E7A4F7556}") = "CleanArch.Infra.Data", "CleanArch.Infra.Data\CleanArch.Infra.Data.csproj", "{4534B8DB-A5B6-40EC-A44B-75F1B4D9B0F7}"
EndProject
Project("{FAE04EC0-301F-11D3-BF4B-00C04F79EFBC}") = "CleanArch.Application", "CleanArch.Application\CleanArch.Application.csproj", "{C26271BD-3C50-487F-AAB3-D12EF1829D7B}"
EndProject
Project("{FAE04EC0-301F-11D3-BF4B-00C04F79EFBC}") = "CleanArch.Infra.IOC", "CleanArch.Infra.IOC\CleanArch.Infra.IOC.csproj", "{04CFFC22-4C24-4731-A9CF-6F602B4DED8D}"
EndProject
Global
	GlobalSection(SolutionConfigurationPlatforms) = preSolution
		Debug|Any CPU = Debug|Any CPU
		Release|Any CPU = Release|Any CPU
	EndGlobalSection
	GlobalSection(ProjectConfigurationPlatforms) = postSolution
		{86A3CFC7-6EDD-4D13-BA20-949521976A1A}.Debug|Any CPU.ActiveCfg = Debug|Any CPU
		{86A3CFC7-6EDD-4D13-BA20-949521976A1A}.Debug|Any CPU.Build.0 = Debug|Any CPU
		{86A3CFC7-6EDD-4D13-BA20-949521976A1A}.Release|Any CPU.ActiveCfg = Release|Any CPU
		{86A3CFC7-6EDD-4D13-BA20-949521976A1A}.Release|Any CPU.Build.0 = Release|Any CPU
		{6077CD90-E9A5-4ED1-AF30-719A685DE248}.Debug|Any CPU.ActiveCfg = Debug|Any CPU
		{6077CD90-E9A5-4ED1-AF30-719A685DE248}.Debug|Any CPU.Build.0 = Debug|Any CPU
		{6077CD90-E9A5-4ED1-AF30-719A685DE248}.Release|Any CPU.ActiveCfg = Release|Any CPU
		{6077CD90-E9A5-4ED1-AF30-719A685DE248}.Release|Any CPU.Build.0 = Release|Any CPU
		{4534B8DB-A5B6-40EC-A44B-75F1B4D9B0F7}.Debug|Any CPU.ActiveCfg = Debug|Any CPU
		{4534B8DB-A5B6-40EC-A44B-75F1B4D9B0F7}.Debug|Any CPU.Build.0 = Debug|Any CPU
		{4534B8DB-A5B6-40EC-A44B-75F1B4D9B0F7}.Release|Any CPU.ActiveCfg = Release|Any CPU
		{4534B8DB-A5B6-40EC-A44B-75F1B4D9B0F7}.Release|Any CPU.Build.0 = Release|Any CPU
		{C26271BD-3C50-487F-AAB3-D12EF1829D7B}.Debug|Any CPU.ActiveCfg = Debug|Any CPU
		{C26271BD-3C50-487F-AAB3-D12EF1829D7B}.Debug|Any CPU.Build.0 = Debug|Any CPU
		{C26271BD-3C50-487F-AAB3-D12EF1829D7B}.Release|Any CPU.ActiveCfg = Release|Any CPU
		{C26271BD-3C50-487F-AAB3-D12EF1829D7B}.Release|Any CPU.Build.0 = Release|Any CPU
		{04CFFC22-4C24-4731-A9CF-6F602B4DED8D}.Debug|Any CPU.ActiveCfg = Debug|Any CPU
		{04CFFC22-4C24-4731-A9CF-6F602B4DED8D}.Debug|Any CPU.Build.0 = Debug|Any CPU
		{04CFFC22-4C24-4731-A9CF-6F602B4DED8D}.Release|Any CPU.ActiveCfg = Release|Any CPU
		{04CFFC22-4C24-4731-A9CF-6F602B4DED8D}.Release|Any CPU.Build.0 = Release|Any CPU
	EndGlobalSection
	GlobalSection(SolutionProperties) = preSolution
		HideSolutionNode = FALSE
	EndGlobalSection
	GlobalSection(NestedProjects) = preSolution
		{86A3CFC7-6EDD-4D13-BA20-949521976A1A} = {9AD38FD1-B24C-44D5-8857-49B87E131019}
		{6077CD90-E9A5-4ED1-AF30-719A685DE248} = {E579ABDF-8F9B-4D68-815F-23EEA83263D4}
		{4534B8DB-A5B6-40EC-A44B-75F1B4D9B0F7} = {B5411FE4-6B39-4663-9FCC-D06663BD7193}
		{C26271BD-3C50-487F-AAB3-D12EF1829D7B} = {16C5FD25-4017-4442-9661-DBD63D4CC5D6}
		{04CFFC22-4C24-4731-A9CF-6F602B4DED8D} = {A4EF32ED-7E2D-4C0C-BF35-CD087EDACEFE}
	EndGlobalSection
	GlobalSection(ExtensibilityGlobals) = postSolution
		SolutionGuid = {A411F8E3-41A8-474E-AA9F-CAC29C379D7A}
	EndGlobalSection
EndGlobal
